
Microsoft Visual Studio Solution File, Format Version 12.00
# Visual Studio 15
VisualStudioVersion = 15.0.26730.3
MinimumVisualStudioVersion = 10.0.40219.1
Project("{FAE04EC0-301F-11D3-BF4B-00C04F79EFBC}") = "InventoryManager", "InventoryManager\InventoryManager.csproj", "{D6823427-FD83-4F97-A8A8-8C66278E94C1}"
EndProject
Project("{FAE04EC0-301F-11D3-BF4B-00C04F79EFBC}") = "InventoryManager.Tests", "InventoryManager.Tests\InventoryManager.Tests.csproj", "{38C76E6F-2E45-453C-BBAB-126616B2A397}"
EndProject
Global
	GlobalSection(SolutionConfigurationPlatforms) = preSolution
		Debug|Any CPU = Debug|Any CPU
		Release|Any CPU = Release|Any CPU
	EndGlobalSection
	GlobalSection(ProjectConfigurationPlatforms) = postSolution
		{D6823427-FD83-4F97-A8A8-8C66278E94C1}.Debug|Any CPU.ActiveCfg = Debug|Any CPU
		{D6823427-FD83-4F97-A8A8-8C66278E94C1}.Debug|Any CPU.Build.0 = Debug|Any CPU
		{D6823427-FD83-4F97-A8A8-8C66278E94C1}.Release|Any CPU.ActiveCfg = Release|Any CPU
		{D6823427-FD83-4F97-A8A8-8C66278E94C1}.Release|Any CPU.Build.0 = Release|Any CPU
		{38C76E6F-2E45-453C-BBAB-126616B2A397}.Debug|Any CPU.ActiveCfg = Debug|Any CPU
		{38C76E6F-2E45-453C-BBAB-126616B2A397}.Debug|Any CPU.Build.0 = Debug|Any CPU
		{38C76E6F-2E45-453C-BBAB-126616B2A397}.Release|Any CPU.ActiveCfg = Release|Any CPU
		{38C76E6F-2E45-453C-BBAB-126616B2A397}.Release|Any CPU.Build.0 = Release|Any CPU
	EndGlobalSection
	GlobalSection(SolutionProperties) = preSolution
		HideSolutionNode = FALSE
	EndGlobalSection
	GlobalSection(ExtensibilityGlobals) = postSolution
		SolutionGuid = {28783C3B-9A23-42A7-B30A-C0472B9066F6}
	EndGlobalSection
EndGlobal
